
Microsoft Visual Studio Solution File, Format Version 12.00
# Visual Studio Version 16
VisualStudioVersion = 16.0.31424.327
MinimumVisualStudioVersion = 10.0.40219.1
Project("{FAE04EC0-301F-11D3-BF4B-00C04F79EFBC}") = "Model", "Model\Model.csproj", "{81B2EE2B-2C5B-4F3E-BDC7-652452273DA1}"
EndProject
Project("{2150E333-8FDC-42A3-9474-1A3956D46DE8}") = "Solution Items", "Solution Items", "{44D6EA6E-11A2-4566-8573-0B9F9396BA8D}"
	ProjectSection(SolutionItems) = preProject
		build.cake = build.cake
		build.ps1 = build.ps1
	EndProjectSection
EndProject
Project("{FAE04EC0-301F-11D3-BF4B-00C04F79EFBC}") = "Web", "Web\Web.csproj", "{DAF8B7B3-CE8D-48C4-A1B7-6D5657B8F7C0}"
EndProject
Global
	GlobalSection(SolutionConfigurationPlatforms) = preSolution
		Debug|Any CPU = Debug|Any CPU
		Release|Any CPU = Release|Any CPU
	EndGlobalSection
	GlobalSection(ProjectConfigurationPlatforms) = postSolution
		{81B2EE2B-2C5B-4F3E-BDC7-652452273DA1}.Debug|Any CPU.ActiveCfg = Debug|Any CPU
		{81B2EE2B-2C5B-4F3E-BDC7-652452273DA1}.Debug|Any CPU.Build.0 = Debug|Any CPU
		{81B2EE2B-2C5B-4F3E-BDC7-652452273DA1}.Release|Any CPU.ActiveCfg = Release|Any CPU
		{81B2EE2B-2C5B-4F3E-BDC7-652452273DA1}.Release|Any CPU.Build.0 = Release|Any CPU
		{DAF8B7B3-CE8D-48C4-A1B7-6D5657B8F7C0}.Debug|Any CPU.ActiveCfg = Debug|Any CPU
		{DAF8B7B3-CE8D-48C4-A1B7-6D5657B8F7C0}.Debug|Any CPU.Build.0 = Debug|Any CPU
		{DAF8B7B3-CE8D-48C4-A1B7-6D5657B8F7C0}.Release|Any CPU.ActiveCfg = Release|Any CPU
		{DAF8B7B3-CE8D-48C4-A1B7-6D5657B8F7C0}.Release|Any CPU.Build.0 = Release|Any CPU
	EndGlobalSection
	GlobalSection(SolutionProperties) = preSolution
		HideSolutionNode = FALSE
	EndGlobalSection
	GlobalSection(ExtensibilityGlobals) = postSolution
		SolutionGuid = {47E95E97-0742-490A-85DF-5C9246A9EE1F}
	EndGlobalSection
EndGlobal
